
Microsoft Visual Studio Solution File, Format Version 12.00
# Visual Studio Version 16
VisualStudioVersion = 16.0.30204.135
MinimumVisualStudioVersion = 10.0.40219.1
Project("{FAE04EC0-301F-11D3-BF4B-00C04F79EFBC}") = "e-shopping", "e-shopping\e-shopping.csproj", "{4EC95FE7-CFDC-4620-BF97-82C1EBA583CC}"
EndProject
Global
	GlobalSection(SolutionConfigurationPlatforms) = preSolution
		Debug|Any CPU = Debug|Any CPU
		Release|Any CPU = Release|Any CPU
	EndGlobalSection
	GlobalSection(ProjectConfigurationPlatforms) = postSolution
		{4EC95FE7-CFDC-4620-BF97-82C1EBA583CC}.Debug|Any CPU.ActiveCfg = Debug|Any CPU
		{4EC95FE7-CFDC-4620-BF97-82C1EBA583CC}.Debug|Any CPU.Build.0 = Debug|Any CPU
		{4EC95FE7-CFDC-4620-BF97-82C1EBA583CC}.Release|Any CPU.ActiveCfg = Release|Any CPU
		{4EC95FE7-CFDC-4620-BF97-82C1EBA583CC}.Release|Any CPU.Build.0 = Release|Any CPU
	EndGlobalSection
	GlobalSection(SolutionProperties) = preSolution
		HideSolutionNode = FALSE
	EndGlobalSection
	GlobalSection(ExtensibilityGlobals) = postSolution
		SolutionGuid = {08D55D70-2EB3-4D3C-870E-021E0A8A8EFE}
	EndGlobalSection
EndGlobal
